
Microsoft Visual Studio Solution File, Format Version 12.00
# Visual Studio Version 17
VisualStudioVersion = 17.7.34202.233
MinimumVisualStudioVersion = 10.0.40219.1
Project("{9A19103F-16F7-4668-BE54-9A1E7A4F7556}") = "SeleniumEx", "SeleniumEx\SeleniumEx.csproj", "{52575A50-B8E2-4471-98DA-CE19B0243E8C}"
EndProject
Project("{9A19103F-16F7-4668-BE54-9A1E7A4F7556}") = "SeleniumNunitEx", "SeleniumNunitEx\SeleniumNunitEx.csproj", "{995C498A-D860-4646-A208-23F23F9EEBF8}"
EndProject
Project("{FAE04EC0-301F-11D3-BF4B-00C04F79EFBC}") = "Assignment", "Assignment\Assignment.csproj", "{BD11F3FF-03AD-4FA5-824E-0A855D2BEF72}"
EndProject
Global
	GlobalSection(SolutionConfigurationPlatforms) = preSolution
		Debug|Any CPU = Debug|Any CPU
		Release|Any CPU = Release|Any CPU
	EndGlobalSection
	GlobalSection(ProjectConfigurationPlatforms) = postSolution
		{52575A50-B8E2-4471-98DA-CE19B0243E8C}.Debug|Any CPU.ActiveCfg = Debug|Any CPU
		{52575A50-B8E2-4471-98DA-CE19B0243E8C}.Debug|Any CPU.Build.0 = Debug|Any CPU
		{52575A50-B8E2-4471-98DA-CE19B0243E8C}.Release|Any CPU.ActiveCfg = Release|Any CPU
		{52575A50-B8E2-4471-98DA-CE19B0243E8C}.Release|Any CPU.Build.0 = Release|Any CPU
		{995C498A-D860-4646-A208-23F23F9EEBF8}.Debug|Any CPU.ActiveCfg = Debug|Any CPU
		{995C498A-D860-4646-A208-23F23F9EEBF8}.Debug|Any CPU.Build.0 = Debug|Any CPU
		{995C498A-D860-4646-A208-23F23F9EEBF8}.Release|Any CPU.ActiveCfg = Release|Any CPU
		{995C498A-D860-4646-A208-23F23F9EEBF8}.Release|Any CPU.Build.0 = Release|Any CPU
		{BD11F3FF-03AD-4FA5-824E-0A855D2BEF72}.Debug|Any CPU.ActiveCfg = Debug|Any CPU
		{BD11F3FF-03AD-4FA5-824E-0A855D2BEF72}.Debug|Any CPU.Build.0 = Debug|Any CPU
		{BD11F3FF-03AD-4FA5-824E-0A855D2BEF72}.Release|Any CPU.ActiveCfg = Release|Any CPU
		{BD11F3FF-03AD-4FA5-824E-0A855D2BEF72}.Release|Any CPU.Build.0 = Release|Any CPU
	EndGlobalSection
	GlobalSection(SolutionProperties) = preSolution
		HideSolutionNode = FALSE
	EndGlobalSection
	GlobalSection(ExtensibilityGlobals) = postSolution
		SolutionGuid = {9116FA6E-BEE3-45AA-A973-A44577E8972C}
	EndGlobalSection
EndGlobal
